Microsoft Visual Studio Solution File, Format Version 12.00
# Visual Studio Version 17
VisualStudioVersion = 17.13.35731.43
MinimumVisualStudioVersion = 10.0.40219.1
Project("{FAE04EC0-301F-11D3-BF4B-00C04F79EFBC}") = "EntraBlazorWebApp", "EntraBlazorWebApp\EntraBlazorWebApp\EntraBlazorWebApp.csproj", "{A8990CE9-5637-4284-A9A1-A36692CD6429}"
EndProject
Project("{FAE04EC0-301F-11D3-BF4B-00C04F79EFBC}") = "EntraBlazorWebApp.Client", "EntraBlazorWebApp\EntraBlazorWebApp.Client\EntraBlazorWebApp.Client.csproj", "{C0A060D6-46FE-42A8-A3DE-CEFABA28D928}"
EndProject
Project("{FAE04EC0-301F-11D3-BF4B-00C04F79EFBC}") = "WeatherApi", "WeatherApi\WeatherApi.csproj", "{59F8593C-5AA8-4660-832A-381DAF779C7E}"
EndProject
Global
	GlobalSection(SolutionConfigurationPlatforms) = preSolution
		Debug|Any CPU = Debug|Any CPU
		Release|Any CPU = Release|Any CPU
	EndGlobalSection
	GlobalSection(ProjectConfigurationPlatforms) = postSolution
		{A8990CE9-5637-4284-A9A1-A36692CD6429}.Debug|Any CPU.ActiveCfg = Debug|Any CPU
		{A8990CE9-5637-4284-A9A1-A36692CD6429}.Debug|Any CPU.Build.0 = Debug|Any CPU
		{A8990CE9-5637-4284-A9A1-A36692CD6429}.Release|Any CPU.ActiveCfg = Release|Any CPU
		{A8990CE9-5637-4284-A9A1-A36692CD6429}.Release|Any CPU.Build.0 = Release|Any CPU
		{C0A060D6-46FE-42A8-A3DE-CEFABA28D928}.Debug|Any CPU.ActiveCfg = Debug|Any CPU
		{C0A060D6-46FE-42A8-A3DE-CEFABA28D928}.Debug|Any CPU.Build.0 = Debug|Any CPU
		{C0A060D6-46FE-42A8-A3DE-CEFABA28D928}.Release|Any CPU.ActiveCfg = Release|Any CPU
		{C0A060D6-46FE-42A8-A3DE-CEFABA28D928}.Release|Any CPU.Build.0 = Release|Any CPU
		{59F8593C-5AA8-4660-832A-381DAF779C7E}.Debug|Any CPU.ActiveCfg = Debug|Any CPU
		{59F8593C-5AA8-4660-832A-381DAF779C7E}.Debug|Any CPU.Build.0 = Debug|Any CPU
		{59F8593C-5AA8-4660-832A-381DAF779C7E}.Release|Any CPU.ActiveCfg = Release|Any CPU
		{59F8593C-5AA8-4660-832A-381DAF779C7E}.Release|Any CPU.Build.0 = Release|Any CPU
	EndGlobalSection
	GlobalSection(SolutionProperties) = preSolution
		HideSolutionNode = FALSE
	EndGlobalSection
	GlobalSection(ExtensibilityGlobals) = postSolution
		SolutionGuid = {F2901983-B813-48C0-B534-6E62C8B4AC16}
	EndGlobalSection
EndGlobal
